
Microsoft Visual Studio Solution File, Format Version 12.00
# Visual Studio Version 16
VisualStudioVersion = 16.0.29905.134
MinimumVisualStudioVersion = 10.0.40219.1
Project("{8BC9CEB8-8B4A-11D0-8D11-00A0C91BC942}") = "SDLNativeApplication", "SDLNativeApplication\SDLNativeApplication.vcxproj", "{83057131-D364-4E3B-81E3-BF43B07E4590}"
EndProject
Global
	GlobalSection(SolutionConfigurationPlatforms) = preSolution
		Debug|x64 = Debug|x64
		Debug|x86 = Debug|x86
		Release|x64 = Release|x64
		Release|x86 = Release|x86
	EndGlobalSection
	GlobalSection(ProjectConfigurationPlatforms) = postSolution
		{83057131-D364-4E3B-81E3-BF43B07E4590}.Debug|x64.ActiveCfg = Debug|x64
		{83057131-D364-4E3B-81E3-BF43B07E4590}.Debug|x64.Build.0 = Debug|x64
		{83057131-D364-4E3B-81E3-BF43B07E4590}.Debug|x86.ActiveCfg = Debug|Win32
		{83057131-D364-4E3B-81E3-BF43B07E4590}.Debug|x86.Build.0 = Debug|Win32
		{83057131-D364-4E3B-81E3-BF43B07E4590}.Release|x64.ActiveCfg = Release|x64
		{83057131-D364-4E3B-81E3-BF43B07E4590}.Release|x64.Build.0 = Release|x64
		{83057131-D364-4E3B-81E3-BF43B07E4590}.Release|x86.ActiveCfg = Release|Win32
		{83057131-D364-4E3B-81E3-BF43B07E4590}.Release|x86.Build.0 = Release|Win32
	EndGlobalSection
	GlobalSection(SolutionProperties) = preSolution
		HideSolutionNode = FALSE
	EndGlobalSection
	GlobalSection(ExtensibilityGlobals) = postSolution
		SolutionGuid = {BD5CD9AB-DB7F-48B7-90B8-8BD1D096164C}
	EndGlobalSection
EndGlobal
